
Microsoft Visual Studio Solution File, Format Version 12.00
# Visual Studio Version 16
VisualStudioVersion = 16.0.31613.86
MinimumVisualStudioVersion = 10.0.40219.1
Project("{FAE04EC0-301F-11D3-BF4B-00C04F79EFBC}") = "Exercicio5", "Exercicio5\Exercicio5.csproj", "{2BCC9FA3-BE6C-43AF-B763-834E70F62ED4}"
EndProject
Global
	GlobalSection(SolutionConfigurationPlatforms) = preSolution
		Debug|Any CPU = Debug|Any CPU
		Release|Any CPU = Release|Any CPU
	EndGlobalSection
	GlobalSection(ProjectConfigurationPlatforms) = postSolution
		{2BCC9FA3-BE6C-43AF-B763-834E70F62ED4}.Debug|Any CPU.ActiveCfg = Debug|Any CPU
		{2BCC9FA3-BE6C-43AF-B763-834E70F62ED4}.Debug|Any CPU.Build.0 = Debug|Any CPU
		{2BCC9FA3-BE6C-43AF-B763-834E70F62ED4}.Release|Any CPU.ActiveCfg = Release|Any CPU
		{2BCC9FA3-BE6C-43AF-B763-834E70F62ED4}.Release|Any CPU.Build.0 = Release|Any CPU
	EndGlobalSection
	GlobalSection(SolutionProperties) = preSolution
		HideSolutionNode = FALSE
	EndGlobalSection
	GlobalSection(ExtensibilityGlobals) = postSolution
		SolutionGuid = {5B08F812-7158-4AF8-9632-764BF7A9C717}
	EndGlobalSection
EndGlobal
